
Microsoft Visual Studio Solution File, Format Version 12.00
# Visual Studio 2013
VisualStudioVersion = 12.0.21005.1
MinimumVisualStudioVersion = 10.0.40219.1
Project("{8BC9CEB8-8B4A-11D0-8D11-00A0C91BC942}") = "Quinq", "Quinq\Quinq.vcxproj", "{9FD02F98-C66A-4A75-9682-47450C746399}"
EndProject
Project("{8BC9CEB8-8B4A-11D0-8D11-00A0C91BC942}") = "QuinqTest", "QuinqTest\QuinqTest.vcxproj", "{EC26F22C-393C-45D6-AFA6-08E81B2FC61A}"
	ProjectSection(ProjectDependencies) = postProject
		{9FD02F98-C66A-4A75-9682-47450C746399} = {9FD02F98-C66A-4A75-9682-47450C746399}
	EndProjectSection
EndProject
Global
	GlobalSection(SolutionConfigurationPlatforms) = preSolution
		Debug|Win32 = Debug|Win32
		Release|Win32 = Release|Win32
	EndGlobalSection
	GlobalSection(ProjectConfigurationPlatforms) = postSolution
		{9FD02F98-C66A-4A75-9682-47450C746399}.Debug|Win32.ActiveCfg = Debug|Win32
		{9FD02F98-C66A-4A75-9682-47450C746399}.Debug|Win32.Build.0 = Debug|Win32
		{9FD02F98-C66A-4A75-9682-47450C746399}.Release|Win32.ActiveCfg = Release|Win32
		{9FD02F98-C66A-4A75-9682-47450C746399}.Release|Win32.Build.0 = Release|Win32
		{EC26F22C-393C-45D6-AFA6-08E81B2FC61A}.Debug|Win32.ActiveCfg = Debug|Win32
		{EC26F22C-393C-45D6-AFA6-08E81B2FC61A}.Debug|Win32.Build.0 = Debug|Win32
		{EC26F22C-393C-45D6-AFA6-08E81B2FC61A}.Release|Win32.ActiveCfg = Release|Win32
		{EC26F22C-393C-45D6-AFA6-08E81B2FC61A}.Release|Win32.Build.0 = Release|Win32
	EndGlobalSection
	GlobalSection(SolutionProperties) = preSolution
		HideSolutionNode = FALSE
	EndGlobalSection
EndGlobal
